
Microsoft Visual Studio Solution File, Format Version 12.00
# Visual Studio Version 16
VisualStudioVersion = 16.0.31729.503
MinimumVisualStudioVersion = 10.0.40219.1
Project("{2150E333-8FDC-42A3-9474-1A3956D46DE8}") = ".NET FRAMEWORK", ".NET FRAMEWORK", "{34FAC39F-5221-43B1-9361-430BE782B02F}"
EndProject
Project("{2150E333-8FDC-42A3-9474-1A3956D46DE8}") = ".NET CORE", ".NET CORE", "{5FD2B804-4CE8-49D0-B9B4-DA5ABBA9A88B}"
EndProject
Project("{FAE04EC0-301F-11D3-BF4B-00C04F79EFBC}") = "Example3", "Example3\Example3.csproj", "{5772F1E3-41A2-4446-92C5-6CF59265CCF6}"
EndProject
Project("{9A19103F-16F7-4668-BE54-9A1E7A4F7556}") = "Example1", "Example1\Example1.csproj", "{A01D4190-4570-4503-86B8-B89664B9D36E}"
EndProject
Project("{9A19103F-16F7-4668-BE54-9A1E7A4F7556}") = "Example2", "Example2\Example2.csproj", "{D73BBF2E-7A0A-4EE1-8B5E-DCE13807566D}"
EndProject
Project("{2150E333-8FDC-42A3-9474-1A3956D46DE8}") = "Console App", "Console App", "{88FCD277-B4AD-4613-A6E7-A33DB1FA5FD9}"
EndProject
Project("{2150E333-8FDC-42A3-9474-1A3956D46DE8}") = "WinForm App", "WinForm App", "{D66820EE-0E66-408F-A4F4-F225307DF69E}"
EndProject
Project("{FAE04EC0-301F-11D3-BF4B-00C04F79EFBC}") = "ExampleIV", "ExampleIV\ExampleIV.csproj", "{C965C10D-6460-4AB1-A5E4-5F725C501692}"
EndProject
Global
	GlobalSection(SolutionConfigurationPlatforms) = preSolution
		Debug|Any CPU = Debug|Any CPU
		Release|Any CPU = Release|Any CPU
	EndGlobalSection
	GlobalSection(ProjectConfigurationPlatforms) = postSolution
		{5772F1E3-41A2-4446-92C5-6CF59265CCF6}.Debug|Any CPU.ActiveCfg = Debug|Any CPU
		{5772F1E3-41A2-4446-92C5-6CF59265CCF6}.Debug|Any CPU.Build.0 = Debug|Any CPU
		{5772F1E3-41A2-4446-92C5-6CF59265CCF6}.Release|Any CPU.ActiveCfg = Release|Any CPU
		{5772F1E3-41A2-4446-92C5-6CF59265CCF6}.Release|Any CPU.Build.0 = Release|Any CPU
		{A01D4190-4570-4503-86B8-B89664B9D36E}.Debug|Any CPU.ActiveCfg = Debug|Any CPU
		{A01D4190-4570-4503-86B8-B89664B9D36E}.Debug|Any CPU.Build.0 = Debug|Any CPU
		{A01D4190-4570-4503-86B8-B89664B9D36E}.Release|Any CPU.ActiveCfg = Release|Any CPU
		{A01D4190-4570-4503-86B8-B89664B9D36E}.Release|Any CPU.Build.0 = Release|Any CPU
		{D73BBF2E-7A0A-4EE1-8B5E-DCE13807566D}.Debug|Any CPU.ActiveCfg = Debug|Any CPU
		{D73BBF2E-7A0A-4EE1-8B5E-DCE13807566D}.Debug|Any CPU.Build.0 = Debug|Any CPU
		{D73BBF2E-7A0A-4EE1-8B5E-DCE13807566D}.Release|Any CPU.ActiveCfg = Release|Any CPU
		{D73BBF2E-7A0A-4EE1-8B5E-DCE13807566D}.Release|Any CPU.Build.0 = Release|Any CPU
		{C965C10D-6460-4AB1-A5E4-5F725C501692}.Debug|Any CPU.ActiveCfg = Debug|Any CPU
		{C965C10D-6460-4AB1-A5E4-5F725C501692}.Debug|Any CPU.Build.0 = Debug|Any CPU
		{C965C10D-6460-4AB1-A5E4-5F725C501692}.Release|Any CPU.ActiveCfg = Release|Any CPU
		{C965C10D-6460-4AB1-A5E4-5F725C501692}.Release|Any CPU.Build.0 = Release|Any CPU
	EndGlobalSection
	GlobalSection(SolutionProperties) = preSolution
		HideSolutionNode = FALSE
	EndGlobalSection
	GlobalSection(NestedProjects) = preSolution
		{5772F1E3-41A2-4446-92C5-6CF59265CCF6} = {88FCD277-B4AD-4613-A6E7-A33DB1FA5FD9}
		{A01D4190-4570-4503-86B8-B89664B9D36E} = {5FD2B804-4CE8-49D0-B9B4-DA5ABBA9A88B}
		{D73BBF2E-7A0A-4EE1-8B5E-DCE13807566D} = {5FD2B804-4CE8-49D0-B9B4-DA5ABBA9A88B}
		{88FCD277-B4AD-4613-A6E7-A33DB1FA5FD9} = {34FAC39F-5221-43B1-9361-430BE782B02F}
		{D66820EE-0E66-408F-A4F4-F225307DF69E} = {34FAC39F-5221-43B1-9361-430BE782B02F}
		{C965C10D-6460-4AB1-A5E4-5F725C501692} = {D66820EE-0E66-408F-A4F4-F225307DF69E}
	EndGlobalSection
	GlobalSection(ExtensibilityGlobals) = postSolution
		SolutionGuid = {3ECD119E-2C52-440D-8954-9423A9A22D22}
	EndGlobalSection
EndGlobal
